// !$*UTF8*$!
{
	archiveVersion = 1;
	classes = {
	};
	objectVersion = 50;
	objects = {

/* Begin PBXBuildFile section */
		666E7FF023C98678006FAF83 /* AppDelegate.swift in Sources */ = {isa = PBXBuildFile; fileRef = 666E7FEF23C98678006FAF83 /* AppDelegate.swift */; };
		666E7FF223C98678006FAF83 /* SceneDelegate.swift in Sources */ = {isa = PBXBuildFile; fileRef = 666E7FF123C98678006FAF83 /* SceneDelegate.swift */; };
		666E7FF423C98678006FAF83 /* ViewController.swift in Sources */ = {isa = PBXBuildFile; fileRef = 666E7FF323C98678006FAF83 /* ViewController.swift */; };
		666E7FF723C98678006FAF83 /* Main.storyboard in Resources */ = {isa = PBXBuildFile; fileRef = 666E7FF523C98678006FAF83 /* Main.storyboard */; };
		666E7FFA23C98678006FAF83 /* LocationAnnotationMap.xcdatamodeld in Sources */ = {isa = PBXBuildFile; fileRef = 666E7FF823C98678006FAF83 /* LocationAnnotationMap.xcdatamodeld */; };
		666E7FFC23C9867A006FAF83 /* Assets.xcassets in Resources */ = {isa = PBXBuildFile; fileRef = 666E7FFB23C9867A006FAF83 /* Assets.xcassets */; };
		666E7FFF23C9867A006FAF83 /* LaunchScreen.storyboard in Resources */ = {isa = PBXBuildFile; fileRef = 666E7FFD23C9867A006FAF83 /* LaunchScreen.storyboard */; };
		66BF957723CCBA0E00AA34E8 /* EditViewController.swift in Sources */ = {isa = PBXBuildFile; fileRef = 66BF957623CCBA0E00AA34E8 /* EditViewController.swift */; };
		66BF957923CCBA1D00AA34E8 /* CLocation.swift in Sources */ = {isa = PBXBuildFile; fileRef = 66BF957823CCBA1D00AA34E8 /* CLocation.swift */; };
		9B1FE2AB23CCD05D0015E295 /* UpdatePinController.swift in Sources */ = {isa = PBXBuildFile; fileRef = 9B1FE2AA23CCD05D0015E295 /* UpdatePinController.swift */; };
/* End PBXBuildFile section */

/* Begin PBXFileReference section */
		666E7FEC23C98678006FAF83 /* LocationAnnotationMap.app */ = {isa = PBXFileReference; explicitFileType = wrapper.application; includeInIndex = 0; path = LocationAnnotationMap.app; sourceTree = BUILT_PRODUCTS_DIR; };
		666E7FEF23C98678006FAF83 /* AppDelegate.swift */ = {isa = PBXFileReference; lastKnownFileType = sourcecode.swift; path = AppDelegate.swift; sourceTree = "<group>"; };
		666E7FF123C98678006FAF83 /* SceneDelegate.swift */ = {isa = PBXFileReference; lastKnownFileType = sourcecode.swift; path = SceneDelegate.swift; sourceTree = "<group>"; };
		666E7FF323C98678006FAF83 /* ViewController.swift */ = {isa = PBXFileReference; lastKnownFileType = sourcecode.swift; path = ViewController.swift; sourceTree = "<group>"; };
		666E7FF623C98678006FAF83 /* Base */ = {isa = PBXFileReference; lastKnownFileType = file.storyboard; name = Base; path = Base.lproj/Main.storyboard; sourceTree = "<group>"; };
		666E7FF923C98678006FAF83 /* LocationAnnotationMap.xcdatamodel */ = {isa = PBXFileReference; lastKnownFileType = wrapper.xcdatamodel; path = LocationAnnotationMap.xcdatamodel; sourceTree = "<group>"; };
		666E7FFB23C9867A006FAF83 /* Assets.xcassets */ = {isa = PBXFileReference; lastKnownFileType = folder.assetcatalog; path = Assets.xcassets; sourceTree = "<group>"; };
		666E7FFE23C9867A006FAF83 /* Base */ = {isa = PBXFileReference; lastKnownFileType = file.storyboard; name = Base; path = Base.lproj/LaunchScreen.storyboard; sourceTree = "<group>"; };
		666E800023C9867A006FAF83 /* Info.plist */ = {isa = PBXFileReference; lastKnownFileType = text.plist.xml; path = Info.plist; sourceTree = "<group>"; };
		66BF957623CCBA0E00AA34E8 /* EditViewController.swift */ = {isa = PBXFileReference; fileEncoding = 4; lastKnownFileType = sourcecode.swift; path = EditViewController.swift; sourceTree = "<group>"; };
		66BF957823CCBA1D00AA34E8 /* CLocation.swift */ = {isa = PBXFileReference; fileEncoding = 4; lastKnownFileType = sourcecode.swift; path = CLocation.swift; sourceTree = "<group>"; };
		9B1FE2AA23CCD05D0015E295 /* UpdatePinController.swift */ = {isa = PBXFileReference; lastKnownFileType = sourcecode.swift; path = UpdatePinController.swift; sourceTree = "<group>"; };
/* End PBXFileReference section */

/* Begin PBXFrameworksBuildPhase section */
		666E7FE923C98678006FAF83 /* Frameworks */ = {
			isa = PBXFrameworksBuildPhase;
			buildActionMask = 2147483647;
			files = (
			);
			runOnlyForDeploymentPostprocessing = 0;
		};
/* End PBXFrameworksBuildPhase section */

/* Begin PBXGroup section */
		666E7FE323C98678006FAF83 = {
			isa = PBXGroup;
			children = (
				666E7FEE23C98678006FAF83 /* LocationAnnotationMap */,
				666E7FED23C98678006FAF83 /* Products */,
			);
			sourceTree = "<group>";
		};
		666E7FED23C98678006FAF83 /* Products */ = {
			isa = PBXGroup;
			children = (
				666E7FEC23C98678006FAF83 /* LocationAnnotationMap.app */,
			);
			name = Products;
			sourceTree = "<group>";
		};
		666E7FEE23C98678006FAF83 /* LocationAnnotationMap */ = {
			isa = PBXGroup;
			children = (
				666E7FEF23C98678006FAF83 /* AppDelegate.swift */,
				66BF957623CCBA0E00AA34E8 /* EditViewController.swift */,
				66BF957823CCBA1D00AA34E8 /* CLocation.swift */,
				666E7FF123C98678006FAF83 /* SceneDelegate.swift */,
				666E7FF323C98678006FAF83 /* ViewController.swift */,
				666E7FF523C98678006FAF83 /* Main.storyboard */,
				666E7FFB23C9867A006FAF83 /* Assets.xcassets */,
				666E7FFD23C9867A006FAF83 /* LaunchScreen.storyboard */,
				666E800023C9867A006FAF83 /* Info.plist */,
				666E7FF823C98678006FAF83 /* LocationAnnotationMap.xcdatamodeld */,
				9B1FE2AA23CCD05D0015E295 /* UpdatePinController.swift */,
			);
			path = LocationAnnotationMap;
			sourceTree = "<group>";
		};
/* End PBXGroup section */

/* Begin PBXNativeTarget section */
		666E7FEB23C98678006FAF83 /* LocationAnnotationMap */ = {
			isa = PBXNativeTarget;
			buildConfigurationList = 666E800323C9867A006FAF83 /* Build configuration list for PBXNativeTarget "LocationAnnotationMap" */;
			buildPhases = (
				666E7FE823C98678006FAF83 /* Sources */,
				666E7FE923C98678006FAF83 /* Frameworks */,
				666E7FEA23C98678006FAF83 /* Resources */,
			);
			buildRules = (
			);
			dependencies = (
			);
			name = LocationAnnotationMap;
			productName = LocationAnnotationMap;
			productReference = 666E7FEC23C98678006FAF83 /* LocationAnnotationMap.app */;
			productType = "com.apple.product-type.application";
		};
/* End PBXNativeTarget section */

/* Begin PBXProject section */
		666E7FE423C98678006FAF83 /* Project object */ = {
			isa = PBXProject;
			attributes = {
				LastSwiftUpdateCheck = 1130;
				LastUpgradeCheck = 1130;
				ORGANIZATIONNAME = "Dharam Singh";
				TargetAttributes = {
					666E7FEB23C98678006FAF83 = {
						CreatedOnToolsVersion = 11.3;
					};
				};
			};
			buildConfigurationList = 666E7FE723C98678006FAF83 /* Build configuration list for PBXProject "LocationAnnotationMap" */;
			compatibilityVersion = "Xcode 9.3";
			developmentRegion = en;
			hasScannedForEncodings = 0;
			knownRegions = (
				en,
				Base,
			);
			mainGroup = 666E7FE323C98678006FAF83;
			productRefGroup = 666E7FED23C98678006FAF83 /* Products */;
			projectDirPath = "";
			projectRoot = "";
			targets = (
				666E7FEB23C98678006FAF83 /* LocationAnnotationMap */,
			);
		};
/* End PBXProject section */

/* Begin PBXResourcesBuildPhase section */
		666E7FEA23C98678006FAF83 /* Resources */ = {
			isa = PBXResourcesBuildPhase;
			buildActionMask = 2147483647;
			files = (
				666E7FFF23C9867A006FAF83 /* LaunchScreen.storyboard in Resources */,
				666E7FFC23C9867A006FAF83 /* Assets.xcassets in Resources */,
				666E7FF723C98678006FAF83 /* Main.storyboard in Resources */,
			);
			runOnlyForDeploymentPostprocessing = 0;
		};
/* End PBXResourcesBuildPhase section */

/* Begin PBXSourcesBuildPhase section */
		666E7FE823C98678006FAF83 /* Sources */ = {
			isa = PBXSourcesBuildPhase;
			buildActionMask = 2147483647;
			files = (
				666E7FFA23C98678006FAF83 /* LocationAnnotationMap.xcdatamodeld in Sources */,
				66BF957723CCBA0E00AA34E8 /* EditViewController.swift in Sources */,
				66BF957923CCBA1D00AA34E8 /* CLocation.swift in Sources */,
				666E7FF423C98678006FAF83 /* ViewController.swift in Sources */,
				666E7FF023C98678006FAF83 /* AppDelegate.swift in Sources */,
				666E7FF223C98678006FAF83 /* SceneDelegate.swift in Sources */,
				9B1FE2AB23CCD05D0015E295 /* UpdatePinController.swift in Sources */,
			);
			runOnlyForDeploymentPostprocessing = 0;
		};
/* End PBXSourcesBuildPhase section */

/* Begin PBXVariantGroup section */
		666E7FF523C98678006FAF83 /* Main.storyboard */ = {
			isa = PBXVariantGroup;
			children = (
				666E7FF623C98678006FAF83 /* Base */,
			);
			name = Main.storyboard;
			sourceTree = "<group>";
		};
		666E7FFD23C9867A006FAF83 /* LaunchScreen.storyboard */ = {
			isa = PBXVariantGroup;
			children = (
				666E7FFE23C9867A006FAF83 /* Base */,
			);
			name = LaunchScreen.storyboard;
			sourceTree = "<group>";
		};
/* End PBXVariantGroup section */

/* Begin XCBuildConfiguration section */
		666E800123C9867A006FAF83 /* Debug */ = {
			isa = XCBuildConfiguration;
			buildSettings = {
				ALWAYS_SEARCH_USER_PATHS = NO;
				CLANG_ANALYZER_NONNULL = YES;
				CLANG_ANALYZER_NUMBER_OBJECT_CONVERSION = YES_AGGRESSIVE;
				CLANG_CXX_LANGUAGE_STANDARD = "gnu++14";
				CLANG_CXX_LIBRARY = "libc++";
				CLANG_ENABLE_MODULES = YES;
				CLANG_ENABLE_OBJC_ARC = YES;
				CLANG_ENABLE_OBJC_WEAK = YES;
				CLANG_WARN_BLOCK_CAPTURE_AUTORELEASING = YES;
				CLANG_WARN_BOOL_CONVERSION = YES;
				CLANG_WARN_COMMA = YES;
				CLANG_WARN_CONSTANT_CONVERSION = YES;
				CLANG_WARN_DEPRECATED_OBJC_IMPLEMENTATIONS = YES;
				CLANG_WARN_DIRECT_OBJC_ISA_USAGE = YES_ERROR;
				CLANG_WARN_DOCUMENTATION_COMMENTS = YES;
				CLANG_WARN_EMPTY_BODY = YES;
				CLANG_WARN_ENUM_CONVERSION = YES;
				CLANG_WARN_INFINITE_RECURSION = YES;
				CLANG_WARN_INT_CONVERSION = YES;
				CLANG_WARN_NON_LITERAL_NULL_CONVERSION = YES;
				CLANG_WARN_OBJC_IMPLICIT_RETAIN_SELF = YES;
				CLANG_WARN_OBJC_LITERAL_CONVERSION = YES;
				CLANG_WARN_OBJC_ROOT_CLASS = YES_ERROR;
				CLANG_WARN_RANGE_LOOP_ANALYSIS = YES;
				CLANG_WARN_STRICT_PROTOTYPES = YES;
				CLANG_WARN_SUSPICIOUS_MOVE = YES;
				CLANG_WARN_UNGUARDED_AVAILABILITY = YES_AGGRESSIVE;
				CLANG_WARN_UNREACHABLE_CODE = YES;
				CLANG_WARN__DUPLICATE_METHOD_MATCH = YES;
				COPY_PHASE_STRIP = NO;
				DEBUG_INFORMATION_FORMAT = dwarf;
				ENABLE_STRICT_OBJC_MSGSEND = YES;
				ENABLE_TESTABILITY = YES;
				GCC_C_LANGUAGE_STANDARD = gnu11;
				GCC_DYNAMIC_NO_PIC = NO;
				GCC_NO_COMMON_BLOCKS = YES;
				GCC_OPTIMIZATION_LEVEL = 0;
				GCC_PREPROCESSOR_DEFINITIONS = (
					"DEBUG=1",
					"$(inherited)",
				);
				GCC_WARN_64_TO_32_BIT_CONVERSION = YES;
				GCC_WARN_ABOUT_RETURN_TYPE = YES_ERROR;
				GCC_WARN_UNDECLARED_SELECTOR = YES;
				GCC_WARN_UNINITIALIZED_AUTOS = YES_AGGRESSIVE;
				GCC_WARN_UNUSED_FUNCTION = YES;
				GCC_WARN_UNUSED_VARIABLE = YES;
				IPHONEOS_DEPLOYMENT_TARGET = 13.2;
				MTL_ENABLE_DEBUG_INFO = INCLUDE_SOURCE;
				MTL_FAST_MATH = YES;
				ONLY_ACTIVE_ARCH = YES;
				SDKROOT = iphoneos;
				SWIFT_ACTIVE_COMPILATION_CONDITIONS = DEBUG;
				SWIFT_OPTIMIZATION_LEVEL = "-Onone";
			};
			name = Debug;
		};
		666E800223C9867A006FAF83 /* Release */ = {
			isa = XCBuildConfiguration;
			buildSettings = {
				ALWAYS_SEARCH_USER_PATHS = NO;
				CLANG_ANALYZER_NONNULL = YES;
				CLANG_ANALYZER_NUMBER_OBJECT_CONVERSION = YES_AGGRESSIVE;
				CLANG_CXX_LANGUAGE_STANDARD = "gnu++14";
				CLANG_CXX_LIBRARY = "libc++";
				CLANG_ENABLE_MODULES = YES;
				CLANG_ENABLE_OBJC_ARC = YES;
				CLANG_ENABLE_OBJC_WEAK = YES;
				CLANG_WARN_BLOCK_CAPTURE_AUTORELEASING = YES;
				CLANG_WARN_BOOL_CONVERSION = YES;
				CLANG_WARN_COMMA = YES;
				CLANG_WARN_CONSTANT_CONVERSION = YES;
				CLANG_WARN_DEPRECATED_OBJC_IMPLEMENTATIONS = YES;
				CLANG_WARN_DIRECT_OBJC_ISA_USAGE = YES_ERROR;
				CLANG_WARN_DOCUMENTATION_COMMENTS = YES;
				CLANG_WARN_EMPTY_BODY = YES;
				CLANG_WARN_ENUM_CONVERSION = YES;
				CLANG_WARN_INFINITE_RECURSION = YES;
				CLANG_WARN_INT_CONVERSION = YES;
				CLANG_WARN_NON_LITERAL_NULL_CONVERSION = YES;
				CLANG_WARN_OBJC_IMPLICIT_RETAIN_SELF = YES;
				CLANG_WARN_OBJC_LITERAL_CONVERSION = YES;
				CLANG_WARN_OBJC_ROOT_CLASS = YES_ERROR;
				CLANG_WARN_RANGE_LOOP_ANALYSIS = YES;
				CLANG_WARN_STRICT_PROTOTYPES = YES;
				CLANG_WARN_SUSPICIOUS_MOVE = YES;
				CLANG_WARN_UNGUARDED_AVAILABILITY = YES_AGGRESSIVE;
				CLANG_WARN_UNREACHABLE_CODE = YES;
				CLANG_WARN__DUPLICATE_METHOD_MATCH = YES;
				COPY_PHASE_STRIP = NO;
				DEBUG_INFORMATION_FORMAT = "dwarf-with-dsym";
				ENABLE_NS_ASSERTIONS = NO;
				ENABLE_STRICT_OBJC_MSGSEND = YES;
				GCC_C_LANGUAGE_STANDARD = gnu11;
				GCC_NO_COMMON_BLOCKS = YES;
				GCC_WARN_64_TO_32_BIT_CONVERSION = YES;
				GCC_WARN_ABOUT_RETURN_TYPE = YES_ERROR;
				GCC_WARN_UNDECLARED_SELECTOR = YES;
				GCC_WARN_UNINITIALIZED_AUTOS = YES_AGGRESSIVE;
				GCC_WARN_UNUSED_FUNCTION = YES;
				GCC_WARN_UNUSED_VARIABLE = YES;
				IPHONEOS_DEPLOYMENT_TARGET = 13.2;
				MTL_ENABLE_DEBUG_INFO = NO;
				MTL_FAST_MATH = YES;
				SDKROOT = iphoneos;
				SWIFT_COMPILATION_MODE = wholemodule;
				SWIFT_OPTIMIZATION_LEVEL = "-O";
				VALIDATE_PRODUCT = YES;
			};
			name = Release;
		};
		666E800423C9867A006FAF83 /* Debug */ = {
			isa = XCBuildConfiguration;
			buildSettings = {
				ASSETCATALOG_COMPILER_APPICON_NAME = AppIcon;
				CODE_SIGN_STYLE = Automatic;
				DEVELOPMENT_TEAM = 2VAZCAB73D;
				INFOPLIST_FILE = LocationAnnotationMap/Info.plist;
				IPHONEOS_DEPLOYMENT_TARGET = 13.0;
				LD_RUNPATH_SEARCH_PATHS = (
					"$(inherited)",
					"@executable_path/Frameworks",
				);
				PRODUCT_BUNDLE_IDENTIFIER = com.dharam.LocationAnnotationMap;
				PRODUCT_NAME = "$(TARGET_NAME)";
				SWIFT_VERSION = 5.0;
				TARGETED_DEVICE_FAMILY = "1,2";
			};
			name = Debug;
		};
		666E800523C9867A006FAF83 /* Release */ = {
			isa = XCBuildConfiguration;
			buildSettings = {
				ASSETCATALOG_COMPILER_APPICON_NAME = AppIcon;
				CODE_SIGN_STYLE = Automatic;
				DEVELOPMENT_TEAM = 2VAZCAB73D;
				INFOPLIST_FILE = LocationAnnotationMap/Info.plist;
				IPHONEOS_DEPLOYMENT_TARGET = 13.0;
				LD_RUNPATH_SEARCH_PATHS = (
					"$(inherited)",
					"@executable_path/Frameworks",
				);
				PRODUCT_BUNDLE_IDENTIFIER = com.dharam.LocationAnnotationMap;
				PRODUCT_NAME = "$(TARGET_NAME)";
				SWIFT_VERSION = 5.0;
				TARGETED_DEVICE_FAMILY = "1,2";
			};
			name = Release;
		};
/* End XCBuildConfiguration section */

/* Begin XCConfigurationList section */
		666E7FE723C98678006FAF83 /* Build configuration list for PBXProject "LocationAnnotationMap" */ = {
			isa = XCConfigurationList;
			buildConfigurations = (
				666E800123C9867A006FAF83 /* Debug */,
				666E800223C9867A006FAF83 /* Release */,
			);
			defaultConfigurationIsVisible = 0;
			defaultConfigurationName = Release;
		};
		666E800323C9867A006FAF83 /* Build configuration list for PBXNativeTarget "LocationAnnotationMap" */ = {
			isa = XCConfigurationList;
			buildConfigurations = (
				666E800423C9867A006FAF83 /* Debug */,
				666E800523C9867A006FAF83 /* Release */,
			);
			defaultConfigurationIsVisible = 0;
			defaultConfigurationName = Release;
		};
/* End XCConfigurationList section */

/* Begin XCVersionGroup section */
		666E7FF823C98678006FAF83 /* LocationAnnotationMap.xcdatamodeld */ = {
			isa = XCVersionGroup;
			children = (
				666E7FF923C98678006FAF83 /* LocationAnnotationMap.xcdatamodel */,
			);
			currentVersion = 666E7FF923C98678006FAF83 /* LocationAnnotationMap.xcdatamodel */;
			path = LocationAnnotationMap.xcdatamodeld;
			sourceTree = "<group>";
			versionGroupType = wrapper.xcdatamodel;
		};
/* End XCVersionGroup section */
	};
	rootObject = 666E7FE423C98678006FAF83 /* Project object */;
}
